PODS:
  - Alamofire (5.5.0)
  - AlamofireImage (4.2.0):
    - Alamofire (~> 5.4)
  - SaytvChat (11.0.0):
    - Alamofire (~> 5.5.0)
    - AlamofireImage (~> 4.2.0)
    - Sentry (~> 7.31.4)
  - Sentry (7.31.5):
    - Sentry/Core (= 7.31.5)
  - Sentry/Core (7.31.5)

DEPENDENCIES:
  - SaytvChat (= 11.0.0)

SPEC REPOS:
  trunk:
    - Alamofire
    - AlamofireImage
    - SaytvChat
    - Sentry

SPEC CHECKSUMS:
  Alamofire: 1c4fb5369c3fe93d2857c780d8bbe09f06f97e7c
  AlamofireImage: 34a2d90b0e5fe6a5605f85ae4b7b01e784c60192
  SaytvChat: 16ba5b21ff9ac909a2f51080d30304345b59843f
  Sentry: 4c9babff9034785067c896fd580b1f7de44da020

PODFILE CHECKSUM: 00ed567edd053d91e0e93a884a342717a0000228

COCOAPODS: 1.11.3
