// !$*UTF8*$!
{
	archiveVersion = 1;
	classes = {
	};
	objectVersion = 55;
	objects = {

/* Begin PBXBuildFile section */
		7B8FA332283D1E5800C8F5A7 /* AppDelegate.swift in Sources */ = {isa = PBXBuildFile; fileRef = 7B8FA331283D1E5800C8F5A7 /* AppDelegate.swift */; };
		7B8FA334283D1E5800C8F5A7 /* SceneDelegate.swift in Sources */ = {isa = PBXBuildFile; fileRef = 7B8FA333283D1E5800C8F5A7 /* SceneDelegate.swift */; };
		7B8FA336283D1E5800C8F5A7 /* RegisterViewController.swift in Sources */ = {isa = PBXBuildFile; fileRef = 7B8FA335283D1E5800C8F5A7 /* RegisterViewController.swift */; };
		7B8FA339283D1E5800C8F5A7 /* Main.storyboard in Resources */ = {isa = PBXBuildFile; fileRef = 7B8FA337283D1E5800C8F5A7 /* Main.storyboard */; };
		7B8FA33B283D1E5900C8F5A7 /* Assets.xcassets in Resources */ = {isa = PBXBuildFile; fileRef = 7B8FA33A283D1E5900C8F5A7 /* Assets.xcassets */; };
		7B8FA33E283D1E5900C8F5A7 /* LaunchScreen.storyboard in Resources */ = {isa = PBXBuildFile; fileRef = 7B8FA33C283D1E5900C8F5A7 /* LaunchScreen.storyboard */; };
		7B8FA34C283D288700C8F5A7 /* LoginViewController.swift in Sources */ = {isa = PBXBuildFile; fileRef = 7B8FA34B283D288700C8F5A7 /* LoginViewController.swift */; };
		7B8FA34E283D289E00C8F5A7 /* ChatViewController.swift in Sources */ = {isa = PBXBuildFile; fileRef = 7B8FA34D283D289E00C8F5A7 /* ChatViewController.swift */; };
		7B8FA350283D2CA100C8F5A7 /* GoogleService-Info.plist in Resources */ = {isa = PBXBuildFile; fileRef = 7B8FA34F283D2CA100C8F5A7 /* GoogleService-Info.plist */; };
		7BA17EE3287725AF00475377 /* FullChatViewController.swift in Sources */ = {isa = PBXBuildFile; fileRef = 7BA17EE2287725AF00475377 /* FullChatViewController.swift */; };
		7BDF226A2977D5CA004A29C7 /* SaytvChat in Frameworks */ = {isa = PBXBuildFile; productRef = 7BDF22692977D5CA004A29C7 /* SaytvChat */; };
		7BE0112F2887496900D815AF /* HeaderDummyViewController.swift in Sources */ = {isa = PBXBuildFile; fileRef = 7BE0112E2887496900D815AF /* HeaderDummyViewController.swift */; };
		7BE01133288749C000D815AF /* HeaderTableViewCell.swift in Sources */ = {isa = PBXBuildFile; fileRef = 7BE01131288749C000D815AF /* HeaderTableViewCell.swift */; };
		7BE01134288749C000D815AF /* HeaderTableViewCell.xib in Resources */ = {isa = PBXBuildFile; fileRef = 7BE01132288749C000D815AF /* HeaderTableViewCell.xib */; };
		7BE94BBD2869C607009F0D5C /* ViewControllerExtension.swift in Sources */ = {isa = PBXBuildFile; fileRef = 7BE94BBC2869C607009F0D5C /* ViewControllerExtension.swift */; };
		7BE94BBF286A037F009F0D5C /* ProfileViewController.swift in Sources */ = {isa = PBXBuildFile; fileRef = 7BE94BBE286A037F009F0D5C /* ProfileViewController.swift */; };
		7BF779CC28475D4400E7FCB0 /* FirebaseAnalytics in Frameworks */ = {isa = PBXBuildFile; productRef = 7BF779CB28475D4400E7FCB0 /* FirebaseAnalytics */; };
		7BF779CE28475D4400E7FCB0 /* FirebaseMessaging in Frameworks */ = {isa = PBXBuildFile; productRef = 7BF779CD28475D4400E7FCB0 /* FirebaseMessaging */; };
/* End PBXBuildFile section */

/* Begin PBXFileReference section */
		7B8FA32E283D1E5800C8F5A7 /* SaytvChatFake.app */ = {isa = PBXFileReference; explicitFileType = wrapper.application; includeInIndex = 0; path = SaytvChatFake.app; sourceTree = BUILT_PRODUCTS_DIR; };
		7B8FA331283D1E5800C8F5A7 /* AppDelegate.swift */ = {isa = PBXFileReference; lastKnownFileType = sourcecode.swift; path = AppDelegate.swift; sourceTree = "<group>"; };
		7B8FA333283D1E5800C8F5A7 /* SceneDelegate.swift */ = {isa = PBXFileReference; lastKnownFileType = sourcecode.swift; path = SceneDelegate.swift; sourceTree = "<group>"; };
		7B8FA335283D1E5800C8F5A7 /* RegisterViewController.swift */ = {isa = PBXFileReference; lastKnownFileType = sourcecode.swift; path = RegisterViewController.swift; sourceTree = "<group>"; };
		7B8FA338283D1E5800C8F5A7 /* Base */ = {isa = PBXFileReference; lastKnownFileType = file.storyboard; name = Base; path = Base.lproj/Main.storyboard; sourceTree = "<group>"; };
		7B8FA33A283D1E5900C8F5A7 /* Assets.xcassets */ = {isa = PBXFileReference; lastKnownFileType = folder.assetcatalog; path = Assets.xcassets; sourceTree = "<group>"; };
		7B8FA33D283D1E5900C8F5A7 /* Base */ = {isa = PBXFileReference; lastKnownFileType = file.storyboard; name = Base; path = Base.lproj/LaunchScreen.storyboard; sourceTree = "<group>"; };
		7B8FA33F283D1E5900C8F5A7 /* Info.plist */ = {isa = PBXFileReference; lastKnownFileType = text.plist.xml; path = Info.plist; sourceTree = "<group>"; };
		7B8FA34B283D288700C8F5A7 /* LoginViewController.swift */ = {isa = PBXFileReference; lastKnownFileType = sourcecode.swift; path = LoginViewController.swift; sourceTree = "<group>"; };
		7B8FA34D283D289E00C8F5A7 /* ChatViewController.swift */ = {isa = PBXFileReference; lastKnownFileType = sourcecode.swift; path = ChatViewController.swift; sourceTree = "<group>"; };
		7B8FA34F283D2CA100C8F5A7 /* GoogleService-Info.plist */ = {isa = PBXFileReference; fileEncoding = 4; lastKnownFileType = text.plist.xml; path = "GoogleService-Info.plist"; sourceTree = "<group>"; };
		7BA17EE2287725AF00475377 /* FullChatViewController.swift */ = {isa = PBXFileReference; lastKnownFileType = sourcecode.swift; path = FullChatViewController.swift; sourceTree = "<group>"; };
		7BA17EE4287729CA00475377 /* SaytvChatFake.entitlements */ = {isa = PBXFileReference; lastKnownFileType = text.plist.entitlements; path = SaytvChatFake.entitlements; sourceTree = "<group>"; };
		7BE0112E2887496900D815AF /* HeaderDummyViewController.swift */ = {isa = PBXFileReference; lastKnownFileType = sourcecode.swift; path = HeaderDummyViewController.swift; sourceTree = "<group>"; };
		7BE01131288749C000D815AF /* HeaderTableViewCell.swift */ = {isa = PBXFileReference; lastKnownFileType = sourcecode.swift; path = HeaderTableViewCell.swift; sourceTree = "<group>"; };
		7BE01132288749C000D815AF /* HeaderTableViewCell.xib */ = {isa = PBXFileReference; lastKnownFileType = file.xib; path = HeaderTableViewCell.xib; sourceTree = "<group>"; };
		7BE94BBC2869C607009F0D5C /* ViewControllerExtension.swift */ = {isa = PBXFileReference; lastKnownFileType = sourcecode.swift; path = ViewControllerExtension.swift; sourceTree = "<group>"; };
		7BE94BBE286A037F009F0D5C /* ProfileViewController.swift */ = {isa = PBXFileReference; lastKnownFileType = sourcecode.swift; path = ProfileViewController.swift; sourceTree = "<group>"; };
/* End PBXFileReference section */

/* Begin PBXFrameworksBuildPhase section */
		7B8FA32B283D1E5800C8F5A7 /* Frameworks */ = {
			isa = PBXFrameworksBuildPhase;
			buildActionMask = 2147483647;
			files = (
				7BDF226A2977D5CA004A29C7 /* SaytvChat in Frameworks */,
				7BF779CE28475D4400E7FCB0 /* FirebaseMessaging in Frameworks */,
				7BF779CC28475D4400E7FCB0 /* FirebaseAnalytics in Frameworks */,
			);
			runOnlyForDeploymentPostprocessing = 0;
		};
/* End PBXFrameworksBuildPhase section */

/* Begin PBXGroup section */
		7B8FA325283D1E5800C8F5A7 = {
			isa = PBXGroup;
			children = (
				7B8FA330283D1E5800C8F5A7 /* SaytvChatFake */,
				7B8FA32F283D1E5800C8F5A7 /* Products */,
			);
			sourceTree = "<group>";
		};
		7B8FA32F283D1E5800C8F5A7 /* Products */ = {
			isa = PBXGroup;
			children = (
				7B8FA32E283D1E5800C8F5A7 /* SaytvChatFake.app */,
			);
			name = Products;
			sourceTree = "<group>";
		};
		7B8FA330283D1E5800C8F5A7 /* SaytvChatFake */ = {
			isa = PBXGroup;
			children = (
				7BA17EE4287729CA00475377 /* SaytvChatFake.entitlements */,
				7BE94BBB2869C5A5009F0D5C /* Extensions */,
				7B8FA34F283D2CA100C8F5A7 /* GoogleService-Info.plist */,
				7B8FA34A283D282800C8F5A7 /* Controllers */,
				7B8FA331283D1E5800C8F5A7 /* AppDelegate.swift */,
				7B8FA333283D1E5800C8F5A7 /* SceneDelegate.swift */,
				7B8FA337283D1E5800C8F5A7 /* Main.storyboard */,
				7B8FA33A283D1E5900C8F5A7 /* Assets.xcassets */,
				7B8FA33C283D1E5900C8F5A7 /* LaunchScreen.storyboard */,
				7B8FA33F283D1E5900C8F5A7 /* Info.plist */,
			);
			path = SaytvChatFake;
			sourceTree = "<group>";
		};
		7B8FA34A283D282800C8F5A7 /* Controllers */ = {
			isa = PBXGroup;
			children = (
				7BE01130288749A700D815AF /* Cells */,
				7B8FA335283D1E5800C8F5A7 /* RegisterViewController.swift */,
				7B8FA34B283D288700C8F5A7 /* LoginViewController.swift */,
				7BE94BBE286A037F009F0D5C /* ProfileViewController.swift */,
				7B8FA34D283D289E00C8F5A7 /* ChatViewController.swift */,
				7BA17EE2287725AF00475377 /* FullChatViewController.swift */,
				7BE0112E2887496900D815AF /* HeaderDummyViewController.swift */,
			);
			path = Controllers;
			sourceTree = "<group>";
		};
		7BE01130288749A700D815AF /* Cells */ = {
			isa = PBXGroup;
			children = (
				7BE01131288749C000D815AF /* HeaderTableViewCell.swift */,
				7BE01132288749C000D815AF /* HeaderTableViewCell.xib */,
			);
			path = Cells;
			sourceTree = "<group>";
		};
		7BE94BBB2869C5A5009F0D5C /* Extensions */ = {
			isa = PBXGroup;
			children = (
				7BE94BBC2869C607009F0D5C /* ViewControllerExtension.swift */,
			);
			path = Extensions;
			sourceTree = "<group>";
		};
/* End PBXGroup section */

/* Begin PBXNativeTarget section */
		7B8FA32D283D1E5800C8F5A7 /* SaytvChatFake */ = {
			isa = PBXNativeTarget;
			buildConfigurationList = 7B8FA342283D1E5900C8F5A7 /* Build configuration list for PBXNativeTarget "SaytvChatFake" */;
			buildPhases = (
				7B8FA32A283D1E5800C8F5A7 /* Sources */,
				7B8FA32B283D1E5800C8F5A7 /* Frameworks */,
				7B8FA32C283D1E5800C8F5A7 /* Resources */,
			);
			buildRules = (
			);
			dependencies = (
			);
			name = SaytvChatFake;
			packageProductDependencies = (
				7BF779CB28475D4400E7FCB0 /* FirebaseAnalytics */,
				7BF779CD28475D4400E7FCB0 /* FirebaseMessaging */,
				7BDF22692977D5CA004A29C7 /* SaytvChat */,
			);
			productName = SaytvChatFake;
			productReference = 7B8FA32E283D1E5800C8F5A7 /* SaytvChatFake.app */;
			productType = "com.apple.product-type.application";
		};
/* End PBXNativeTarget section */

/* Begin PBXProject section */
		7B8FA326283D1E5800C8F5A7 /* Project object */ = {
			isa = PBXProject;
			attributes = {
				BuildIndependentTargetsInParallel = 1;
				LastSwiftUpdateCheck = 1340;
				LastUpgradeCheck = 1340;
				TargetAttributes = {
					7B8FA32D283D1E5800C8F5A7 = {
						CreatedOnToolsVersion = 13.4;
					};
				};
			};
			buildConfigurationList = 7B8FA329283D1E5800C8F5A7 /* Build configuration list for PBXProject "SaytvChatFake" */;
			compatibilityVersion = "Xcode 13.0";
			developmentRegion = en;
			hasScannedForEncodings = 0;
			knownRegions = (
				en,
				Base,
			);
			mainGroup = 7B8FA325283D1E5800C8F5A7;
			packageReferences = (
				7BF779CA28475D4400E7FCB0 /* XCRemoteSwiftPackageReference "firebase-ios-sdk" */,
				7BDF22682977D5CA004A29C7 /* XCRemoteSwiftPackageReference "saytv_sdk_ios" */,
			);
			productRefGroup = 7B8FA32F283D1E5800C8F5A7 /* Products */;
			projectDirPath = "";
			projectRoot = "";
			targets = (
				7B8FA32D283D1E5800C8F5A7 /* SaytvChatFake */,
			);
		};
/* End PBXProject section */

/* Begin PBXResourcesBuildPhase section */
		7B8FA32C283D1E5800C8F5A7 /* Resources */ = {
			isa = PBXResourcesBuildPhase;
			buildActionMask = 2147483647;
			files = (
				7B8FA33E283D1E5900C8F5A7 /* LaunchScreen.storyboard in Resources */,
				7B8FA350283D2CA100C8F5A7 /* GoogleService-Info.plist in Resources */,
				7B8FA33B283D1E5900C8F5A7 /* Assets.xcassets in Resources */,
				7BE01134288749C000D815AF /* HeaderTableViewCell.xib in Resources */,
				7B8FA339283D1E5800C8F5A7 /* Main.storyboard in Resources */,
			);
			runOnlyForDeploymentPostprocessing = 0;
		};
/* End PBXResourcesBuildPhase section */

/* Begin PBXSourcesBuildPhase section */
		7B8FA32A283D1E5800C8F5A7 /* Sources */ = {
			isa = PBXSourcesBuildPhase;
			buildActionMask = 2147483647;
			files = (
				7B8FA34C283D288700C8F5A7 /* LoginViewController.swift in Sources */,
				7BA17EE3287725AF00475377 /* FullChatViewController.swift in Sources */,
				7B8FA336283D1E5800C8F5A7 /* RegisterViewController.swift in Sources */,
				7BE0112F2887496900D815AF /* HeaderDummyViewController.swift in Sources */,
				7BE94BBD2869C607009F0D5C /* ViewControllerExtension.swift in Sources */,
				7B8FA332283D1E5800C8F5A7 /* AppDelegate.swift in Sources */,
				7BE01133288749C000D815AF /* HeaderTableViewCell.swift in Sources */,
				7BE94BBF286A037F009F0D5C /* ProfileViewController.swift in Sources */,
				7B8FA34E283D289E00C8F5A7 /* ChatViewController.swift in Sources */,
				7B8FA334283D1E5800C8F5A7 /* SceneDelegate.swift in Sources */,
			);
			runOnlyForDeploymentPostprocessing = 0;
		};
/* End PBXSourcesBuildPhase section */

/* Begin PBXVariantGroup section */
		7B8FA337283D1E5800C8F5A7 /* Main.storyboard */ = {
			isa = PBXVariantGroup;
			children = (
				7B8FA338283D1E5800C8F5A7 /* Base */,
			);
			name = Main.storyboard;
			sourceTree = "<group>";
		};
		7B8FA33C283D1E5900C8F5A7 /* LaunchScreen.storyboard */ = {
			isa = PBXVariantGroup;
			children = (
				7B8FA33D283D1E5900C8F5A7 /* Base */,
			);
			name = LaunchScreen.storyboard;
			sourceTree = "<group>";
		};
/* End PBXVariantGroup section */

/* Begin XCBuildConfiguration section */
		7B8FA340283D1E5900C8F5A7 /* Debug */ = {
			isa = XCBuildConfiguration;
			buildSettings = {
				ALWAYS_SEARCH_USER_PATHS = NO;
				CLANG_ANALYZER_NONNULL = YES;
				CLANG_ANALYZER_NUMBER_OBJECT_CONVERSION = YES_AGGRESSIVE;
				CLANG_CXX_LANGUAGE_STANDARD = "gnu++17";
				CLANG_ENABLE_MODULES = YES;
				CLANG_ENABLE_OBJC_ARC = YES;
				CLANG_ENABLE_OBJC_WEAK = YES;
				CLANG_WARN_BLOCK_CAPTURE_AUTORELEASING = YES;
				CLANG_WARN_BOOL_CONVERSION = YES;
				CLANG_WARN_COMMA = YES;
				CLANG_WARN_CONSTANT_CONVERSION = YES;
				CLANG_WARN_DEPRECATED_OBJC_IMPLEMENTATIONS = YES;
				CLANG_WARN_DIRECT_OBJC_ISA_USAGE = YES_ERROR;
				CLANG_WARN_DOCUMENTATION_COMMENTS = YES;
				CLANG_WARN_EMPTY_BODY = YES;
				CLANG_WARN_ENUM_CONVERSION = YES;
				CLANG_WARN_INFINITE_RECURSION = YES;
				CLANG_WARN_INT_CONVERSION = YES;
				CLANG_WARN_NON_LITERAL_NULL_CONVERSION = YES;
				CLANG_WARN_OBJC_IMPLICIT_RETAIN_SELF = YES;
				CLANG_WARN_OBJC_LITERAL_CONVERSION = YES;
				CLANG_WARN_OBJC_ROOT_CLASS = YES_ERROR;
				CLANG_WARN_QUOTED_INCLUDE_IN_FRAMEWORK_HEADER = YES;
				CLANG_WARN_RANGE_LOOP_ANALYSIS = YES;
				CLANG_WARN_STRICT_PROTOTYPES = YES;
				CLANG_WARN_SUSPICIOUS_MOVE = YES;
				CLANG_WARN_UNGUARDED_AVAILABILITY = YES_AGGRESSIVE;
				CLANG_WARN_UNREACHABLE_CODE = YES;
				CLANG_WARN__DUPLICATE_METHOD_MATCH = YES;
				COPY_PHASE_STRIP = NO;
				DEBUG_INFORMATION_FORMAT = dwarf;
				ENABLE_STRICT_OBJC_MSGSEND = YES;
				ENABLE_TESTABILITY = YES;
				GCC_C_LANGUAGE_STANDARD = gnu11;
				GCC_DYNAMIC_NO_PIC = NO;
				GCC_NO_COMMON_BLOCKS = YES;
				GCC_OPTIMIZATION_LEVEL = 0;
				GCC_PREPROCESSOR_DEFINITIONS = (
					"DEBUG=1",
					"$(inherited)",
				);
				GCC_WARN_64_TO_32_BIT_CONVERSION = YES;
				GCC_WARN_ABOUT_RETURN_TYPE = YES_ERROR;
				GCC_WARN_UNDECLARED_SELECTOR = YES;
				GCC_WARN_UNINITIALIZED_AUTOS = YES_AGGRESSIVE;
				GCC_WARN_UNUSED_FUNCTION = YES;
				GCC_WARN_UNUSED_VARIABLE = YES;
				IPHONEOS_DEPLOYMENT_TARGET = 15.5;
				MTL_ENABLE_DEBUG_INFO = INCLUDE_SOURCE;
				MTL_FAST_MATH = YES;
				ONLY_ACTIVE_ARCH = YES;
				SDKROOT = iphoneos;
				SWIFT_ACTIVE_COMPILATION_CONDITIONS = DEBUG;
				SWIFT_OPTIMIZATION_LEVEL = "-Onone";
			};
			name = Debug;
		};
		7B8FA341283D1E5900C8F5A7 /* Release */ = {
			isa = XCBuildConfiguration;
			buildSettings = {
				ALWAYS_SEARCH_USER_PATHS = NO;
				CLANG_ANALYZER_NONNULL = YES;
				CLANG_ANALYZER_NUMBER_OBJECT_CONVERSION = YES_AGGRESSIVE;
				CLANG_CXX_LANGUAGE_STANDARD = "gnu++17";
				CLANG_ENABLE_MODULES = YES;
				CLANG_ENABLE_OBJC_ARC = YES;
				CLANG_ENABLE_OBJC_WEAK = YES;
				CLANG_WARN_BLOCK_CAPTURE_AUTORELEASING = YES;
				CLANG_WARN_BOOL_CONVERSION = YES;
				CLANG_WARN_COMMA = YES;
				CLANG_WARN_CONSTANT_CONVERSION = YES;
				CLANG_WARN_DEPRECATED_OBJC_IMPLEMENTATIONS = YES;
				CLANG_WARN_DIRECT_OBJC_ISA_USAGE = YES_ERROR;
				CLANG_WARN_DOCUMENTATION_COMMENTS = YES;
				CLANG_WARN_EMPTY_BODY = YES;
				CLANG_WARN_ENUM_CONVERSION = YES;
				CLANG_WARN_INFINITE_RECURSION = YES;
				CLANG_WARN_INT_CONVERSION = YES;
				CLANG_WARN_NON_LITERAL_NULL_CONVERSION = YES;
				CLANG_WARN_OBJC_IMPLICIT_RETAIN_SELF = YES;
				CLANG_WARN_OBJC_LITERAL_CONVERSION = YES;
				CLANG_WARN_OBJC_ROOT_CLASS = YES_ERROR;
				CLANG_WARN_QUOTED_INCLUDE_IN_FRAMEWORK_HEADER = YES;
				CLANG_WARN_RANGE_LOOP_ANALYSIS = YES;
				CLANG_WARN_STRICT_PROTOTYPES = YES;
				CLANG_WARN_SUSPICIOUS_MOVE = YES;
				CLANG_WARN_UNGUARDED_AVAILABILITY = YES_AGGRESSIVE;
				CLANG_WARN_UNREACHABLE_CODE = YES;
				CLANG_WARN__DUPLICATE_METHOD_MATCH = YES;
				COPY_PHASE_STRIP = NO;
				DEBUG_INFORMATION_FORMAT = "dwarf-with-dsym";
				ENABLE_NS_ASSERTIONS = NO;
				ENABLE_STRICT_OBJC_MSGSEND = YES;
				GCC_C_LANGUAGE_STANDARD = gnu11;
				GCC_NO_COMMON_BLOCKS = YES;
				GCC_WARN_64_TO_32_BIT_CONVERSION = YES;
				GCC_WARN_ABOUT_RETURN_TYPE = YES_ERROR;
				GCC_WARN_UNDECLARED_SELECTOR = YES;
				GCC_WARN_UNINITIALIZED_AUTOS = YES_AGGRESSIVE;
				GCC_WARN_UNUSED_FUNCTION = YES;
				GCC_WARN_UNUSED_VARIABLE = YES;
				IPHONEOS_DEPLOYMENT_TARGET = 15.5;
				MTL_ENABLE_DEBUG_INFO = NO;
				MTL_FAST_MATH = YES;
				SDKROOT = iphoneos;
				SWIFT_COMPILATION_MODE = wholemodule;
				SWIFT_OPTIMIZATION_LEVEL = "-O";
				VALIDATE_PRODUCT = YES;
			};
			name = Release;
		};
		7B8FA343283D1E5900C8F5A7 /* Debug */ = {
			isa = XCBuildConfiguration;
			buildSettings = {
				ASSETCATALOG_COMPILER_APPICON_NAME = AppIcon;
				ASSETCATALOG_COMPILER_GLOBAL_ACCENT_COLOR_NAME = AccentColor;
				CODE_SIGN_ENTITLEMENTS = SaytvChatFake/SaytvChatFake.entitlements;
				CODE_SIGN_STYLE = Automatic;
				CURRENT_PROJECT_VERSION = 1;
				DEVELOPMENT_TEAM = 4TXKG56UHG;
				GENERATE_INFOPLIST_FILE = YES;
				INFOPLIST_FILE = SaytvChatFake/Info.plist;
				INFOPLIST_KEY_UIApplicationSupportsIndirectInputEvents = YES;
				INFOPLIST_KEY_UILaunchStoryboardName = LaunchScreen;
				INFOPLIST_KEY_UIMainStoryboardFile = Main;
				INFOPLIST_KEY_UISupportedInterfaceOrientations_iPad = "UIInterfaceOrientationPortrait UIInterfaceOrientationPortraitUpsideDown UIInterfaceOrientationLandscapeLeft UIInterfaceOrientationLandscapeRight";
				INFOPLIST_KEY_UISupportedInterfaceOrientations_iPhone = "UIInterfaceOrientationPortrait UIInterfaceOrientationLandscapeLeft UIInterfaceOrientationLandscapeRight";
				IPHONEOS_DEPLOYMENT_TARGET = 15.0;
				LD_RUNPATH_SEARCH_PATHS = (
					"$(inherited)",
					"@executable_path/Frameworks",
				);
				MARKETING_VERSION = 1.0;
				PRODUCT_BUNDLE_IDENTIFIER = net.saytv.app;
				PRODUCT_NAME = "$(TARGET_NAME)";
				SWIFT_EMIT_LOC_STRINGS = YES;
				SWIFT_VERSION = 5.0;
				TARGETED_DEVICE_FAMILY = "1,2";
			};
			name = Debug;
		};
		7B8FA344283D1E5900C8F5A7 /* Release */ = {
			isa = XCBuildConfiguration;
			buildSettings = {
				ASSETCATALOG_COMPILER_APPICON_NAME = AppIcon;
				ASSETCATALOG_COMPILER_GLOBAL_ACCENT_COLOR_NAME = AccentColor;
				CODE_SIGN_ENTITLEMENTS = SaytvChatFake/SaytvChatFake.entitlements;
				CODE_SIGN_STYLE = Automatic;
				CURRENT_PROJECT_VERSION = 1;
				DEVELOPMENT_TEAM = 4TXKG56UHG;
				GENERATE_INFOPLIST_FILE = YES;
				INFOPLIST_FILE = SaytvChatFake/Info.plist;
				INFOPLIST_KEY_UIApplicationSupportsIndirectInputEvents = YES;
				INFOPLIST_KEY_UILaunchStoryboardName = LaunchScreen;
				INFOPLIST_KEY_UIMainStoryboardFile = Main;
				INFOPLIST_KEY_UISupportedInterfaceOrientations_iPad = "UIInterfaceOrientationPortrait UIInterfaceOrientationPortraitUpsideDown UIInterfaceOrientationLandscapeLeft UIInterfaceOrientationLandscapeRight";
				INFOPLIST_KEY_UISupportedInterfaceOrientations_iPhone = "UIInterfaceOrientationPortrait UIInterfaceOrientationLandscapeLeft UIInterfaceOrientationLandscapeRight";
				IPHONEOS_DEPLOYMENT_TARGET = 15.0;
				LD_RUNPATH_SEARCH_PATHS = (
					"$(inherited)",
					"@executable_path/Frameworks",
				);
				MARKETING_VERSION = 1.0;
				PRODUCT_BUNDLE_IDENTIFIER = net.saytv.app;
				PRODUCT_NAME = "$(TARGET_NAME)";
				SWIFT_EMIT_LOC_STRINGS = YES;
				SWIFT_VERSION = 5.0;
				TARGETED_DEVICE_FAMILY = "1,2";
			};
			name = Release;
		};
/* End XCBuildConfiguration section */

/* Begin XCConfigurationList section */
		7B8FA329283D1E5800C8F5A7 /* Build configuration list for PBXProject "SaytvChatFake" */ = {
			isa = XCConfigurationList;
			buildConfigurations = (
				7B8FA340283D1E5900C8F5A7 /* Debug */,
				7B8FA341283D1E5900C8F5A7 /* Release */,
			);
			defaultConfigurationIsVisible = 0;
			defaultConfigurationName = Release;
		};
		7B8FA342283D1E5900C8F5A7 /* Build configuration list for PBXNativeTarget "SaytvChatFake" */ = {
			isa = XCConfigurationList;
			buildConfigurations = (
				7B8FA343283D1E5900C8F5A7 /* Debug */,
				7B8FA344283D1E5900C8F5A7 /* Release */,
			);
			defaultConfigurationIsVisible = 0;
			defaultConfigurationName = Release;
		};
/* End XCConfigurationList section */

/* Begin XCRemoteSwiftPackageReference section */
		7BDF22682977D5CA004A29C7 /* XCRemoteSwiftPackageReference "saytv_sdk_ios" */ = {
			isa = XCRemoteSwiftPackageReference;
			repositoryURL = "https://davidgarcia93@bitbucket.org/square1/saytv_sdk_ios.git";
			requirement = {
				kind = upToNextMajorVersion;
				minimumVersion = 13.0.0;
			};
		};
		7BF779CA28475D4400E7FCB0 /* XCRemoteSwiftPackageReference "firebase-ios-sdk" */ = {
			isa = XCRemoteSwiftPackageReference;
			repositoryURL = "https://github.com/dgarciasquare1/firebase-ios-sdk.git";
			requirement = {
				kind = upToNextMajorVersion;
				minimumVersion = 8.0.0;
			};
		};
/* End XCRemoteSwiftPackageReference section */

/* Begin XCSwiftPackageProductDependency section */
		7BDF22692977D5CA004A29C7 /* SaytvChat */ = {
			isa = XCSwiftPackageProductDependency;
			package = 7BDF22682977D5CA004A29C7 /* XCRemoteSwiftPackageReference "saytv_sdk_ios" */;
			productName = SaytvChat;
		};
		7BF779CB28475D4400E7FCB0 /* FirebaseAnalytics */ = {
			isa = XCSwiftPackageProductDependency;
			package = 7BF779CA28475D4400E7FCB0 /* XCRemoteSwiftPackageReference "firebase-ios-sdk" */;
			productName = FirebaseAnalytics;
		};
		7BF779CD28475D4400E7FCB0 /* FirebaseMessaging */ = {
			isa = XCSwiftPackageProductDependency;
			package = 7BF779CA28475D4400E7FCB0 /* XCRemoteSwiftPackageReference "firebase-ios-sdk" */;
			productName = FirebaseMessaging;
		};
/* End XCSwiftPackageProductDependency section */
	};
	rootObject = 7B8FA326283D1E5800C8F5A7 /* Project object */;
}
